Microsoft Visual Studio Solution File, Format Version 12.00
# Visual Studio Version 17
VisualStudioVersion = 17.5.2.0
MinimumVisualStudioVersion = 10.0.40219.1
Project("{FAE04EC0-301F-11D3-BF4B-00C04F79EFBC}") = "ProjeIskender", "ProjeIskender.csproj", "{077D91EE-71EF-C0A2-9F2D-143DB285F395}"
EndProject
Global
	GlobalSection(SolutionConfigurationPlatforms) = preSolution
		Debug|Any CPU = Debug|Any CPU
		Release|Any CPU = Release|Any CPU
	EndGlobalSection
	GlobalSection(ProjectConfigurationPlatforms) = postSolution
		{077D91EE-71EF-C0A2-9F2D-143DB285F395}.Debug|Any CPU.ActiveCfg = Debug|Any CPU
		{077D91EE-71EF-C0A2-9F2D-143DB285F395}.Debug|Any CPU.Build.0 = Debug|Any CPU
		{077D91EE-71EF-C0A2-9F2D-143DB285F395}.Release|Any CPU.ActiveCfg = Release|Any CPU
		{077D91EE-71EF-C0A2-9F2D-143DB285F395}.Release|Any CPU.Build.0 = Release|Any CPU
	EndGlobalSection
	GlobalSection(SolutionProperties) = preSolution
		HideSolutionNode = FALSE
	EndGlobalSection
	GlobalSection(ExtensibilityGlobals) = postSolution
		SolutionGuid = {BAEF0FE5-130F-41CC-B7FC-72CB8233AC2B}
	EndGlobalSection
EndGlobal
